
Microsoft Visual Studio Solution File, Format Version 12.00
# Visual Studio 15
VisualStudioVersion = 15.0.28307.489
MinimumVisualStudioVersion = 10.0.40219.1
Project("{9A19103F-16F7-4668-BE54-9A1E7A4F7556}") = "Start", "Start\Start.csproj", "{30049F22-B85E-46C5-8F81-0C4917CC46FE}"
EndProject
Project("{FAE04EC0-301F-11D3-BF4B-00C04F79EFBC}") = "SupernetTest", "SupernetTest\SupernetTest.csproj", "{29760F80-ACAC-4F4D-817D-676368D6DBCE}"
EndProject
Global
	GlobalSection(SolutionConfigurationPlatforms) = preSolution
		Debug|Any CPU = Debug|Any CPU
		Release|Any CPU = Release|Any CPU
	EndGlobalSection
	GlobalSection(ProjectConfigurationPlatforms) = postSolution
		{30049F22-B85E-46C5-8F81-0C4917CC46FE}.Debug|Any CPU.ActiveCfg = Debug|Any CPU
		{30049F22-B85E-46C5-8F81-0C4917CC46FE}.Debug|Any CPU.Build.0 = Debug|Any CPU
		{30049F22-B85E-46C5-8F81-0C4917CC46FE}.Release|Any CPU.ActiveCfg = Release|Any CPU
		{30049F22-B85E-46C5-8F81-0C4917CC46FE}.Release|Any CPU.Build.0 = Release|Any CPU
		{29760F80-ACAC-4F4D-817D-676368D6DBCE}.Debug|Any CPU.ActiveCfg = Debug|Any CPU
		{29760F80-ACAC-4F4D-817D-676368D6DBCE}.Debug|Any CPU.Build.0 = Debug|Any CPU
		{29760F80-ACAC-4F4D-817D-676368D6DBCE}.Release|Any CPU.ActiveCfg = Release|Any CPU
		{29760F80-ACAC-4F4D-817D-676368D6DBCE}.Release|Any CPU.Build.0 = Release|Any CPU
	EndGlobalSection
	GlobalSection(SolutionProperties) = preSolution
		HideSolutionNode = FALSE
	EndGlobalSection
	GlobalSection(ExtensibilityGlobals) = postSolution
		SolutionGuid = {3116DA49-6797-4E27-AE0A-72B90D83EFFB}
	EndGlobalSection
EndGlobal
